// !$*UTF8*$!
{
	archiveVersion = 1;
	classes = {
	};
	objectVersion = 50;
	objects = {

/* Begin PBXBuildFile section */
		061B13B024A317100058FB86 /* AudioEngineTests.swift in Sources */ = {isa = PBXBuildFile; fileRef = 061B13AF24A317100058FB86 /* AudioEngineTests.swift */; };
		061B13B424A35F4F0058FB86 /* sample.mp3 in Resources */ = {isa = PBXBuildFile; fileRef = 061B13B324A35F4F0058FB86 /* sample.mp3 */; };
		0660B87F2499711F00FD954B /* Note.swift in Sources */ = {isa = PBXBuildFile; fileRef = 0660B87E2499711F00FD954B /* Note.swift */; };
		0660B8822499E37500FD954B /* Data.swift in Sources */ = {isa = PBXBuildFile; fileRef = 0660B8812499E37500FD954B /* Data.swift */; };
		0660B8852499E42C00FD954B /* UserData.swift in Sources */ = {isa = PBXBuildFile; fileRef = 0660B8842499E42C00FD954B /* UserData.swift */; };
		0663B6BB249C8BDD00B8E31A /* noteData.json in Resources */ = {isa = PBXBuildFile; fileRef = 0660B88024998DAE00FD954B /* noteData.json */; };
		0663B6BD249C992300B8E31A /* KeyInfo.swift in Sources */ = {isa = PBXBuildFile; fileRef = 0663B6BC249C992300B8E31A /* KeyInfo.swift */; };
		0663B6EA249CC24800B8E31A /* 84doC#5.wav in Resources */ = {isa = PBXBuildFile; fileRef = 0663B6D6249CC24600B8E31A /* 84doC#5.wav */; };
		0663B6EB249CC24800B8E31A /* 70chiA3.wav in Resources */ = {isa = PBXBuildFile; fileRef = 0663B6D7249CC24600B8E31A /* 70chiA3.wav */; };
		0663B6ED249CC24800B8E31A /* 79soF4.wav in Resources */ = {isa = PBXBuildFile; fileRef = 0663B6D9249CC24600B8E31A /* 79soF4.wav */; };
		0663B6EE249CC24800B8E31A /* 72doC#4.wav in Resources */ = {isa = PBXBuildFile; fileRef = 0663B6DA249CC24600B8E31A /* 72doC#4.wav */; };
		0663B6EF249CC24800B8E31A /* 77faF4.wav in Resources */ = {isa = PBXBuildFile; fileRef = 0663B6DB249CC24600B8E31A /* 77faF4.wav */; };
		0663B6F0249CC24800B8E31A /* 73deC#4.wav in Resources */ = {isa = PBXBuildFile; fileRef = 0663B6DC249CC24600B8E31A /* 73deC#4.wav */; };
		0663B6F1249CC24800B8E31A /* 78fiF4.wav in Resources */ = {isa = PBXBuildFile; fileRef = 0663B6DD249CC24600B8E31A /* 78fiF4.wav */; };
		0663B6F2249CC24800B8E31A /* 69laA3.wav in Resources */ = {isa = PBXBuildFile; fileRef = 0663B6DE249CC24600B8E31A /* 69laA3.wav */; };
		0663B6F4249CC24800B8E31A /* 75riC#4.wav in Resources */ = {isa = PBXBuildFile; fileRef = 0663B6E0249CC24600B8E31A /* 75riC#4.wav */; };
		0663B6F6249CC24800B8E31A /* 76miF4.wav in Resources */ = {isa = PBXBuildFile; fileRef = 0663B6E2249CC24700B8E31A /* 76miF4.wav */; };
		0663B6FB249CC24800B8E31A /* 86reC#5.wav in Resources */ = {isa = PBXBuildFile; fileRef = 0663B6E7249CC24700B8E31A /* 86reC#5.wav */; };
		0663B6FC249CC24800B8E31A /* 74reC#4.wav in Resources */ = {isa = PBXBuildFile; fileRef = 0663B6E8249CC24700B8E31A /* 74reC#4.wav */; };
		0663B6FD249CC24800B8E31A /* 85deC#5.wav in Resources */ = {isa = PBXBuildFile; fileRef = 0663B6E9249CC24700B8E31A /* 85deC#5.wav */; };
		0663B700249CC3D500B8E31A /* 67soA3.wav in Resources */ = {isa = PBXBuildFile; fileRef = 0663B6FE249CC3D500B8E31A /* 67soA3.wav */; };
		0663B701249CC3D500B8E31A /* 68saA3.wav in Resources */ = {isa = PBXBuildFile; fileRef = 0663B6FF249CC3D500B8E31A /* 68saA3.wav */; };
		0663B703249CC72C00B8E31A /* 71siC#4.wav in Resources */ = {isa = PBXBuildFile; fileRef = 0663B702249CC72C00B8E31A /* 71siC#4.wav */; };
		0663B744249F3BAC00B8E31A /* 88miC#5.wav in Resources */ = {isa = PBXBuildFile; fileRef = 0663B742249F3BAC00B8E31A /* 88miC#5.wav */; };
		0663B745249F3BAC00B8E31A /* 87riC#5.wav in Resources */ = {isa = PBXBuildFile; fileRef = 0663B743249F3BAC00B8E31A /* 87riC#5.wav */; };
		0663B74A249F3E2000B8E31A /* 82chiA4.wav in Resources */ = {isa = PBXBuildFile; fileRef = 0663B746249F3E2000B8E31A /* 82chiA4.wav */; };
		0663B74B249F3E2000B8E31A /* 80saA4.wav in Resources */ = {isa = PBXBuildFile; fileRef = 0663B747249F3E2000B8E31A /* 80saA4.wav */; };
		0663B74C249F3E2000B8E31A /* 81laA4.wav in Resources */ = {isa = PBXBuildFile; fileRef = 0663B748249F3E2000B8E31A /* 81laA4.wav */; };
		0663B74D249F3E2000B8E31A /* 83siA4.wav in Resources */ = {isa = PBXBuildFile; fileRef = 0663B749249F3E2000B8E31A /* 83siA4.wav */; };
		06758ACC248A2CB300D4E0D2 /* CustomTapGesture.swift in Sources */ = {isa = PBXBuildFile; fileRef = 06758ACB248A2CB300D4E0D2 /* CustomTapGesture.swift */; };
		06BF497B247E53B300584858 /* AppDelegate.swift in Sources */ = {isa = PBXBuildFile; fileRef = 06BF497A247E53B300584858 /* AppDelegate.swift */; };
		06BF497D247E53B300584858 /* SceneDelegate.swift in Sources */ = {isa = PBXBuildFile; fileRef = 06BF497C247E53B300584858 /* SceneDelegate.swift */; };
		06BF497F247E53B300584858 /* ContentView.swift in Sources */ = {isa = PBXBuildFile; fileRef = 06BF497E247E53B300584858 /* ContentView.swift */; };
		06BF4981247E53B500584858 /* Assets.xcassets in Resources */ = {isa = PBXBuildFile; fileRef = 06BF4980247E53B500584858 /* Assets.xcassets */; };
		06BF4984247E53B500584858 /* Preview Assets.xcassets in Resources */ = {isa = PBXBuildFile; fileRef = 06BF4983247E53B500584858 /* Preview Assets.xcassets */; };
		06BF4987247E53B500584858 /* LaunchScreen.storyboard in Resources */ = {isa = PBXBuildFile; fileRef = 06BF4985247E53B500584858 /* LaunchScreen.storyboard */; };
		06BF499D247E53B500584858 /* DoremiPianoUITests.swift in Sources */ = {isa = PBXBuildFile; fileRef = 06BF499C247E53B500584858 /* DoremiPianoUITests.swift */; };
		06E1DD9D248F91CF008D6562 /* Key.swift in Sources */ = {isa = PBXBuildFile; fileRef = 06E1DD9C248F91CF008D6562 /* Key.swift */; };
		06E1DEB42493512E008D6562 /* AudioEngine.swift in Sources */ = {isa = PBXBuildFile; fileRef = 06E1DEB32493512E008D6562 /* AudioEngine.swift */; };
/* End PBXBuildFile section */

/* Begin PBXContainerItemProxy section */
		06BF498E247E53B500584858 /* PBXContainerItemProxy */ = {
			isa = PBXContainerItemProxy;
			containerPortal = 06BF496F247E53B300584858 /* Project object */;
			proxyType = 1;
			remoteGlobalIDString = 06BF4976247E53B300584858;
			remoteInfo = DoremiPiano;
		};
		06BF4999247E53B500584858 /* PBXContainerItemProxy */ = {
			isa = PBXContainerItemProxy;
			containerPortal = 06BF496F247E53B300584858 /* Project object */;
			proxyType = 1;
			remoteGlobalIDString = 06BF4976247E53B300584858;
			remoteInfo = DoremiPiano;
		};
/* End PBXContainerItemProxy section */

/* Begin PBXFileReference section */
		061B13AF24A317100058FB86 /* AudioEngineTests.swift */ = {isa = PBXFileReference; lastKnownFileType = sourcecode.swift; path = AudioEngineTests.swift; sourceTree = "<group>"; };
		061B13B324A35F4F0058FB86 /* sample.mp3 */ = {isa = PBXFileReference; lastKnownFileType = audio.mp3; path = sample.mp3; sourceTree = "<group>"; };
		0660B87E2499711F00FD954B /* Note.swift */ = {isa = PBXFileReference; lastKnownFileType = sourcecode.swift; path = Note.swift; sourceTree = "<group>"; };
		0660B88024998DAE00FD954B /* noteData.json */ = {isa = PBXFileReference; lastKnownFileType = text.json; path = noteData.json; sourceTree = "<group>"; };
		0660B8812499E37500FD954B /* Data.swift */ = {isa = PBXFileReference; lastKnownFileType = sourcecode.swift; path = Data.swift; sourceTree = "<group>"; };
		0660B8842499E42C00FD954B /* UserData.swift */ = {isa = PBXFileReference; lastKnownFileType = sourcecode.swift; path = UserData.swift; sourceTree = "<group>"; };
		0663B6BC249C992300B8E31A /* KeyInfo.swift */ = {isa = PBXFileReference; lastKnownFileType = sourcecode.swift; path = KeyInfo.swift; sourceTree = "<group>"; };
		0663B6D6249CC24600B8E31A /* 84doC#5.wav */ = {isa = PBXFileReference; lastKnownFileType = audio.wav; path = "84doC#5.wav"; sourceTree = "<group>"; };
		0663B6D7249CC24600B8E31A /* 70chiA3.wav */ = {isa = PBXFileReference; lastKnownFileType = audio.wav; path = 70chiA3.wav; sourceTree = "<group>"; };
		0663B6D9249CC24600B8E31A /* 79soF4.wav */ = {isa = PBXFileReference; lastKnownFileType = audio.wav; path = 79soF4.wav; sourceTree = "<group>"; };
		0663B6DA249CC24600B8E31A /* 72doC#4.wav */ = {isa = PBXFileReference; lastKnownFileType = audio.wav; path = "72doC#4.wav"; sourceTree = "<group>"; };
		0663B6DB249CC24600B8E31A /* 77faF4.wav */ = {isa = PBXFileReference; lastKnownFileType = audio.wav; path = 77faF4.wav; sourceTree = "<group>"; };
		0663B6DC249CC24600B8E31A /* 73deC#4.wav */ = {isa = PBXFileReference; lastKnownFileType = audio.wav; path = "73deC#4.wav"; sourceTree = "<group>"; };
		0663B6DD249CC24600B8E31A /* 78fiF4.wav */ = {isa = PBXFileReference; lastKnownFileType = audio.wav; path = 78fiF4.wav; sourceTree = "<group>"; };
		0663B6DE249CC24600B8E31A /* 69laA3.wav */ = {isa = PBXFileReference; lastKnownFileType = audio.wav; path = 69laA3.wav; sourceTree = "<group>"; };
		0663B6E0249CC24600B8E31A /* 75riC#4.wav */ = {isa = PBXFileReference; lastKnownFileType = audio.wav; path = "75riC#4.wav"; sourceTree = "<group>"; };
		0663B6E2249CC24700B8E31A /* 76miF4.wav */ = {isa = PBXFileReference; lastKnownFileType = audio.wav; path = 76miF4.wav; sourceTree = "<group>"; };
		0663B6E7249CC24700B8E31A /* 86reC#5.wav */ = {isa = PBXFileReference; lastKnownFileType = audio.wav; path = "86reC#5.wav"; sourceTree = "<group>"; };
		0663B6E8249CC24700B8E31A /* 74reC#4.wav */ = {isa = PBXFileReference; lastKnownFileType = audio.wav; path = "74reC#4.wav"; sourceTree = "<group>"; };
		0663B6E9249CC24700B8E31A /* 85deC#5.wav */ = {isa = PBXFileReference; lastKnownFileType = audio.wav; path = "85deC#5.wav"; sourceTree = "<group>"; };
		0663B6FE249CC3D500B8E31A /* 67soA3.wav */ = {isa = PBXFileReference; lastKnownFileType = audio.wav; path = 67soA3.wav; sourceTree = "<group>"; };
		0663B6FF249CC3D500B8E31A /* 68saA3.wav */ = {isa = PBXFileReference; lastKnownFileType = audio.wav; path = 68saA3.wav; sourceTree = "<group>"; };
		0663B702249CC72C00B8E31A /* 71siC#4.wav */ = {isa = PBXFileReference; lastKnownFileType = audio.wav; path = "71siC#4.wav"; sourceTree = "<group>"; };
		0663B742249F3BAC00B8E31A /* 88miC#5.wav */ = {isa = PBXFileReference; lastKnownFileType = audio.wav; path = "88miC#5.wav"; sourceTree = "<group>"; };
		0663B743249F3BAC00B8E31A /* 87riC#5.wav */ = {isa = PBXFileReference; lastKnownFileType = audio.wav; path = "87riC#5.wav"; sourceTree = "<group>"; };
		0663B746249F3E2000B8E31A /* 82chiA4.wav */ = {isa = PBXFileReference; lastKnownFileType = audio.wav; path = 82chiA4.wav; sourceTree = "<group>"; };
		0663B747249F3E2000B8E31A /* 80saA4.wav */ = {isa = PBXFileReference; lastKnownFileType = audio.wav; path = 80saA4.wav; sourceTree = "<group>"; };
		0663B748249F3E2000B8E31A /* 81laA4.wav */ = {isa = PBXFileReference; lastKnownFileType = audio.wav; path = 81laA4.wav; sourceTree = "<group>"; };
		0663B749249F3E2000B8E31A /* 83siA4.wav */ = {isa = PBXFileReference; lastKnownFileType = audio.wav; path = 83siA4.wav; sourceTree = "<group>"; };
		06758ACB248A2CB300D4E0D2 /* CustomTapGesture.swift */ = {isa = PBXFileReference; lastKnownFileType = sourcecode.swift; path = CustomTapGesture.swift; sourceTree = "<group>"; };
		06BF4977247E53B300584858 /* DoremiPiano.app */ = {isa = PBXFileReference; explicitFileType = wrapper.application; includeInIndex = 0; path = DoremiPiano.app; sourceTree = BUILT_PRODUCTS_DIR; };
		06BF497A247E53B300584858 /* AppDelegate.swift */ = {isa = PBXFileReference; lastKnownFileType = sourcecode.swift; path = AppDelegate.swift; sourceTree = "<group>"; };
		06BF497C247E53B300584858 /* SceneDelegate.swift */ = {isa = PBXFileReference; lastKnownFileType = sourcecode.swift; path = SceneDelegate.swift; sourceTree = "<group>"; };
		06BF497E247E53B300584858 /* ContentView.swift */ = {isa = PBXFileReference; lastKnownFileType = sourcecode.swift; path = ContentView.swift; sourceTree = "<group>"; };
		06BF4980247E53B500584858 /* Assets.xcassets */ = {isa = PBXFileReference; lastKnownFileType = folder.assetcatalog; path = Assets.xcassets; sourceTree = "<group>"; };
		06BF4983247E53B500584858 /* Preview Assets.xcassets */ = {isa = PBXFileReference; lastKnownFileType = folder.assetcatalog; path = "Preview Assets.xcassets"; sourceTree = "<group>"; };
		06BF4986247E53B500584858 /* Base */ = {isa = PBXFileReference; lastKnownFileType = file.storyboard; name = Base; path = Base.lproj/LaunchScreen.storyboard; sourceTree = "<group>"; };
		06BF4988247E53B500584858 /* Info.plist */ = {isa = PBXFileReference; lastKnownFileType = text.plist.xml; path = Info.plist; sourceTree = "<group>"; };
		06BF498D247E53B500584858 /* DoremiPianoTests.xctest */ = {isa = PBXFileReference; explicitFileType = wrapper.cfbundle; includeInIndex = 0; path = DoremiPianoTests.xctest; sourceTree = BUILT_PRODUCTS_DIR; };
		06BF4993247E53B500584858 /* Info.plist */ = {isa = PBXFileReference; lastKnownFileType = text.plist.xml; path = Info.plist; sourceTree = "<group>"; };
		06BF4998247E53B500584858 /* DoremiPianoUITests.xctest */ = {isa = PBXFileReference; explicitFileType = wrapper.cfbundle; includeInIndex = 0; path = DoremiPianoUITests.xctest; sourceTree = BUILT_PRODUCTS_DIR; };
		06BF499C247E53B500584858 /* DoremiPianoUITests.swift */ = {isa = PBXFileReference; lastKnownFileType = sourcecode.swift; path = DoremiPianoUITests.swift; sourceTree = "<group>"; };
		06BF499E247E53B500584858 /* Info.plist */ = {isa = PBXFileReference; lastKnownFileType = text.plist.xml; path = Info.plist; sourceTree = "<group>"; };
		06E1DD9C248F91CF008D6562 /* Key.swift */ = {isa = PBXFileReference; lastKnownFileType = sourcecode.swift; path = Key.swift; sourceTree = "<group>"; };
		06E1DEB32493512E008D6562 /* AudioEngine.swift */ = {isa = PBXFileReference; lastKnownFileType = sourcecode.swift; path = AudioEngine.swift; sourceTree = "<group>"; };
/* End PBXFileReference section */

/* Begin PBXFrameworksBuildPhase section */
		06BF4974247E53B300584858 /* Frameworks */ = {
			isa = PBXFrameworksBuildPhase;
			buildActionMask = 2147483647;
			files = (
			);
			runOnlyForDeploymentPostprocessing = 0;
		};
		06BF498A247E53B500584858 /* Frameworks */ = {
			isa = PBXFrameworksBuildPhase;
			buildActionMask = 2147483647;
			files = (
			);
			runOnlyForDeploymentPostprocessing = 0;
		};
		06BF4995247E53B500584858 /* Frameworks */ = {
			isa = PBXFrameworksBuildPhase;
			buildActionMask = 2147483647;
			files = (
			);
			runOnlyForDeploymentPostprocessing = 0;
		};
/* End PBXFrameworksBuildPhase section */

/* Begin PBXGroup section */
		0614F07A248E45D90084AD95 /* Resources */ = {
			isa = PBXGroup;
			children = (
				0660B88024998DAE00FD954B /* noteData.json */,
				0663B6FE249CC3D500B8E31A /* 67soA3.wav */,
				0663B6FF249CC3D500B8E31A /* 68saA3.wav */,
				0663B6DE249CC24600B8E31A /* 69laA3.wav */,
				0663B6D7249CC24600B8E31A /* 70chiA3.wav */,
				0663B702249CC72C00B8E31A /* 71siC#4.wav */,
				0663B6DA249CC24600B8E31A /* 72doC#4.wav */,
				0663B6DC249CC24600B8E31A /* 73deC#4.wav */,
				0663B6E8249CC24700B8E31A /* 74reC#4.wav */,
				0663B6E0249CC24600B8E31A /* 75riC#4.wav */,
				0663B6E2249CC24700B8E31A /* 76miF4.wav */,
				0663B6DB249CC24600B8E31A /* 77faF4.wav */,
				0663B6DD249CC24600B8E31A /* 78fiF4.wav */,
				0663B6D9249CC24600B8E31A /* 79soF4.wav */,
				0663B747249F3E2000B8E31A /* 80saA4.wav */,
				0663B748249F3E2000B8E31A /* 81laA4.wav */,
				0663B746249F3E2000B8E31A /* 82chiA4.wav */,
				0663B749249F3E2000B8E31A /* 83siA4.wav */,
				0663B6D6249CC24600B8E31A /* 84doC#5.wav */,
				0663B6E9249CC24700B8E31A /* 85deC#5.wav */,
				0663B6E7249CC24700B8E31A /* 86reC#5.wav */,
				0663B743249F3BAC00B8E31A /* 87riC#5.wav */,
				0663B742249F3BAC00B8E31A /* 88miC#5.wav */,
			);
			path = Resources;
			sourceTree = "<group>";
		};
		0660B8832499E3C900FD954B /* Models */ = {
			isa = PBXGroup;
			children = (
				0660B8812499E37500FD954B /* Data.swift */,
				0660B8842499E42C00FD954B /* UserData.swift */,
				0660B87E2499711F00FD954B /* Note.swift */,
				0663B6BC249C992300B8E31A /* KeyInfo.swift */,
			);
			path = Models;
			sourceTree = "<group>";
		};
		06BF496E247E53B300584858 = {
			isa = PBXGroup;
			children = (
				06BF4979247E53B300584858 /* DoremiPiano */,
				06BF4990247E53B500584858 /* DoremiPianoTests */,
				06BF499B247E53B500584858 /* DoremiPianoUITests */,
				06BF4978247E53B300584858 /* Products */,
			);
			sourceTree = "<group>";
		};
		06BF4978247E53B300584858 /* Products */ = {
			isa = PBXGroup;
			children = (
				06BF4977247E53B300584858 /* DoremiPiano.app */,
				06BF498D247E53B500584858 /* DoremiPianoTests.xctest */,
				06BF4998247E53B500584858 /* DoremiPianoUITests.xctest */,
			);
			name = Products;
			sourceTree = "<group>";
		};
		06BF4979247E53B300584858 /* DoremiPiano */ = {
			isa = PBXGroup;
			children = (
				06BF4988247E53B500584858 /* Info.plist */,
				06BF497A247E53B300584858 /* AppDelegate.swift */,
				06BF497C247E53B300584858 /* SceneDelegate.swift */,
				06BF497E247E53B300584858 /* ContentView.swift */,
				06E1DD9C248F91CF008D6562 /* Key.swift */,
				06E1DEB32493512E008D6562 /* AudioEngine.swift */,
				06758ACB248A2CB300D4E0D2 /* CustomTapGesture.swift */,
				06BF4980247E53B500584858 /* Assets.xcassets */,
				06BF4985247E53B500584858 /* LaunchScreen.storyboard */,
				0660B8832499E3C900FD954B /* Models */,
				06BF4982247E53B500584858 /* Preview Content */,
				0614F07A248E45D90084AD95 /* Resources */,
			);
			path = DoremiPiano;
			sourceTree = "<group>";
		};
		06BF4982247E53B500584858 /* Preview Content */ = {
			isa = PBXGroup;
			children = (
				06BF4983247E53B500584858 /* Preview Assets.xcassets */,
			);
			path = "Preview Content";
			sourceTree = "<group>";
		};
		06BF4990247E53B500584858 /* DoremiPianoTests */ = {
			isa = PBXGroup;
			children = (
				06BF4993247E53B500584858 /* Info.plist */,
				061B13AF24A317100058FB86 /* AudioEngineTests.swift */,
				061B13B324A35F4F0058FB86 /* sample.mp3 */,
			);
			path = DoremiPianoTests;
			sourceTree = "<group>";
		};
		06BF499B247E53B500584858 /* DoremiPianoUITests */ = {
			isa = PBXGroup;
			children = (
				06BF499C247E53B500584858 /* DoremiPianoUITests.swift */,
				06BF499E247E53B500584858 /* Info.plist */,
			);
			path = DoremiPianoUITests;
			sourceTree = "<group>";
		};
/* End PBXGroup section */

/* Begin PBXNativeTarget section */
		06BF4976247E53B300584858 /* DoremiPiano */ = {
			isa = PBXNativeTarget;
			buildConfigurationList = 06BF49A1247E53B500584858 /* Build configuration list for PBXNativeTarget "DoremiPiano" */;
			buildPhases = (
				06BF4973247E53B300584858 /* Sources */,
				06BF4974247E53B300584858 /* Frameworks */,
				06BF4975247E53B300584858 /* Resources */,
			);
			buildRules = (
			);
			dependencies = (
			);
			name = DoremiPiano;
			productName = DoremiPiano;
			productReference = 06BF4977247E53B300584858 /* DoremiPiano.app */;
			productType = "com.apple.product-type.application";
		};
		06BF498C247E53B500584858 /* DoremiPianoTests */ = {
			isa = PBXNativeTarget;
			buildConfigurationList = 06BF49A4247E53B500584858 /* Build configuration list for PBXNativeTarget "DoremiPianoTests" */;
			buildPhases = (
				06BF4989247E53B500584858 /* Sources */,
				06BF498A247E53B500584858 /* Frameworks */,
				06BF498B247E53B500584858 /* Resources */,
			);
			buildRules = (
			);
			dependencies = (
				06BF498F247E53B500584858 /* PBXTargetDependency */,
			);
			name = DoremiPianoTests;
			productName = DoremiPianoTests;
			productReference = 06BF498D247E53B500584858 /* DoremiPianoTests.xctest */;
			productType = "com.apple.product-type.bundle.unit-test";
		};
		06BF4997247E53B500584858 /* DoremiPianoUITests */ = {
			isa = PBXNativeTarget;
			buildConfigurationList = 06BF49A7247E53B500584858 /* Build configuration list for PBXNativeTarget "DoremiPianoUITests" */;
			buildPhases = (
				06BF4994247E53B500584858 /* Sources */,
				06BF4995247E53B500584858 /* Frameworks */,
				06BF4996247E53B500584858 /* Resources */,
			);
			buildRules = (
			);
			dependencies = (
				06BF499A247E53B500584858 /* PBXTargetDependency */,
			);
			name = DoremiPianoUITests;
			productName = DoremiPianoUITests;
			productReference = 06BF4998247E53B500584858 /* DoremiPianoUITests.xctest */;
			productType = "com.apple.product-type.bundle.ui-testing";
		};
/* End PBXNativeTarget section */

/* Begin PBXProject section */
		06BF496F247E53B300584858 /* Project object */ = {
			isa = PBXProject;
			attributes = {
				LastSwiftUpdateCheck = 1150;
				LastUpgradeCheck = 1150;
				TargetAttributes = {
					06BF4976247E53B300584858 = {
						CreatedOnToolsVersion = 11.5;
					};
					06BF498C247E53B500584858 = {
						CreatedOnToolsVersion = 11.5;
						LastSwiftMigration = 1150;
						TestTargetID = 06BF4976247E53B300584858;
					};
					06BF4997247E53B500584858 = {
						CreatedOnToolsVersion = 11.5;
						TestTargetID = 06BF4976247E53B300584858;
					};
				};
			};
			buildConfigurationList = 06BF4972247E53B300584858 /* Build configuration list for PBXProject "DoremiPiano" */;
			compatibilityVersion = "Xcode 9.3";
			developmentRegion = en;
			hasScannedForEncodings = 0;
			knownRegions = (
				en,
				Base,
			);
			mainGroup = 06BF496E247E53B300584858;
			productRefGroup = 06BF4978247E53B300584858 /* Products */;
			projectDirPath = "";
			projectRoot = "";
			targets = (
				06BF4976247E53B300584858 /* DoremiPiano */,
				06BF498C247E53B500584858 /* DoremiPianoTests */,
				06BF4997247E53B500584858 /* DoremiPianoUITests */,
			);
		};
/* End PBXProject section */

/* Begin PBXResourcesBuildPhase section */
		06BF4975247E53B300584858 /* Resources */ = {
			isa = PBXResourcesBuildPhase;
			buildActionMask = 2147483647;
			files = (
				061B13B424A35F4F0058FB86 /* sample.mp3 in Resources */,
				0663B700249CC3D500B8E31A /* 67soA3.wav in Resources */,
				0663B701249CC3D500B8E31A /* 68saA3.wav in Resources */,
				0663B6F2249CC24800B8E31A /* 69laA3.wav in Resources */,
				0663B6EB249CC24800B8E31A /* 70chiA3.wav in Resources */,
				0663B703249CC72C00B8E31A /* 71siC#4.wav in Resources */,
				0663B6EE249CC24800B8E31A /* 72doC#4.wav in Resources */,
				0663B6F0249CC24800B8E31A /* 73deC#4.wav in Resources */,
				0663B6FC249CC24800B8E31A /* 74reC#4.wav in Resources */,
				0663B6F4249CC24800B8E31A /* 75riC#4.wav in Resources */,
				0663B6F6249CC24800B8E31A /* 76miF4.wav in Resources */,
				0663B6EF249CC24800B8E31A /* 77faF4.wav in Resources */,
				0663B6F1249CC24800B8E31A /* 78fiF4.wav in Resources */,
				0663B6ED249CC24800B8E31A /* 79soF4.wav in Resources */,
				0663B74B249F3E2000B8E31A /* 80saA4.wav in Resources */,
				0663B74C249F3E2000B8E31A /* 81laA4.wav in Resources */,
				0663B74A249F3E2000B8E31A /* 82chiA4.wav in Resources */,
				0663B74D249F3E2000B8E31A /* 83siA4.wav in Resources */,
				0663B6EA249CC24800B8E31A /* 84doC#5.wav in Resources */,
				0663B6FD249CC24800B8E31A /* 85deC#5.wav in Resources */,
				0663B6FB249CC24800B8E31A /* 86reC#5.wav in Resources */,
				0663B745249F3BAC00B8E31A /* 87riC#5.wav in Resources */,
				0663B744249F3BAC00B8E31A /* 88miC#5.wav in Resources */,
				0663B6BB249C8BDD00B8E31A /* noteData.json in Resources */,
				06BF4987247E53B500584858 /* LaunchScreen.storyboard in Resources */,
				06BF4984247E53B500584858 /* Preview Assets.xcassets in Resources */,
				06BF4981247E53B500584858 /* Assets.xcassets in Resources */,
			);
			runOnlyForDeploymentPostprocessing = 0;
		};
		06BF498B247E53B500584858 /* Resources */ = {
			isa = PBXResourcesBuildPhase;
			buildActionMask = 2147483647;
			files = (
			);
			runOnlyForDeploymentPostprocessing = 0;
		};
		06BF4996247E53B500584858 /* Resources */ = {
			isa = PBXResourcesBuildPhase;
			buildActionMask = 2147483647;
			files = (
			);
			runOnlyForDeploymentPostprocessing = 0;
		};
/* End PBXResourcesBuildPhase section */

/* Begin PBXSourcesBuildPhase section */
		06BF4973247E53B300584858 /* Sources */ = {
			isa = PBXSourcesBuildPhase;
			buildActionMask = 2147483647;
			files = (
				06E1DEB42493512E008D6562 /* AudioEngine.swift in Sources */,
				06758ACC248A2CB300D4E0D2 /* CustomTapGesture.swift in Sources */,
				0660B87F2499711F00FD954B /* Note.swift in Sources */,
				0660B8852499E42C00FD954B /* UserData.swift in Sources */,
				06BF497B247E53B300584858 /* AppDelegate.swift in Sources */,
				06BF497D247E53B300584858 /* SceneDelegate.swift in Sources */,
				06BF497F247E53B300584858 /* ContentView.swift in Sources */,
				06E1DD9D248F91CF008D6562 /* Key.swift in Sources */,
				0660B8822499E37500FD954B /* Data.swift in Sources */,
				0663B6BD249C992300B8E31A /* KeyInfo.swift in Sources */,
			);
			runOnlyForDeploymentPostprocessing = 0;
		};
		06BF4989247E53B500584858 /* Sources */ = {
			isa = PBXSourcesBuildPhase;
			buildActionMask = 2147483647;
			files = (
				061B13B024A317100058FB86 /* AudioEngineTests.swift in Sources */,
			);
			runOnlyForDeploymentPostprocessing = 0;
		};
		06BF4994247E53B500584858 /* Sources */ = {
			isa = PBXSourcesBuildPhase;
			buildActionMask = 2147483647;
			files = (
				06BF499D247E53B500584858 /* DoremiPianoUITests.swift in Sources */,
			);
			runOnlyForDeploymentPostprocessing = 0;
		};
/* End PBXSourcesBuildPhase section */

/* Begin PBXTargetDependency section */
		06BF498F247E53B500584858 /* PBXTargetDependency */ = {
			isa = PBXTargetDependency;
			target = 06BF4976247E53B300584858 /* DoremiPiano */;
			targetProxy = 06BF498E247E53B500584858 /* PBXContainerItemProxy */;
		};
		06BF499A247E53B500584858 /* PBXTargetDependency */ = {
			isa = PBXTargetDependency;
			target = 06BF4976247E53B300584858 /* DoremiPiano */;
			targetProxy = 06BF4999247E53B500584858 /* PBXContainerItemProxy */;
		};
/* End PBXTargetDependency section */

/* Begin PBXVariantGroup section */
		06BF4985247E53B500584858 /* LaunchScreen.storyboard */ = {
			isa = PBXVariantGroup;
			children = (
				06BF4986247E53B500584858 /* Base */,
			);
			name = LaunchScreen.storyboard;
			sourceTree = "<group>";
		};
/* End PBXVariantGroup section */

/* Begin XCBuildConfiguration section */
		06BF499F247E53B500584858 /* Debug */ = {
			isa = XCBuildConfiguration;
			buildSettings = {
				ALWAYS_SEARCH_USER_PATHS = NO;
				CLANG_ANALYZER_NONNULL = YES;
				CLANG_ANALYZER_NUMBER_OBJECT_CONVERSION = YES_AGGRESSIVE;
				CLANG_CXX_LANGUAGE_STANDARD = "gnu++14";
				CLANG_CXX_LIBRARY = "libc++";
				CLANG_ENABLE_MODULES = YES;
				CLANG_ENABLE_OBJC_ARC = YES;
				CLANG_ENABLE_OBJC_WEAK = YES;
				CLANG_WARN_BLOCK_CAPTURE_AUTORELEASING = YES;
				CLANG_WARN_BOOL_CONVERSION = YES;
				CLANG_WARN_COMMA = YES;
				CLANG_WARN_CONSTANT_CONVERSION = YES;
				CLANG_WARN_DEPRECATED_OBJC_IMPLEMENTATIONS = YES;
				CLANG_WARN_DIRECT_OBJC_ISA_USAGE = YES_ERROR;
				CLANG_WARN_DOCUMENTATION_COMMENTS = YES;
				CLANG_WARN_EMPTY_BODY = YES;
				CLANG_WARN_ENUM_CONVERSION = YES;
				CLANG_WARN_INFINITE_RECURSION = YES;
				CLANG_WARN_INT_CONVERSION = YES;
				CLANG_WARN_NON_LITERAL_NULL_CONVERSION = YES;
				CLANG_WARN_OBJC_IMPLICIT_RETAIN_SELF = YES;
				CLANG_WARN_OBJC_LITERAL_CONVERSION = YES;
				CLANG_WARN_OBJC_ROOT_CLASS = YES_ERROR;
				CLANG_WARN_RANGE_LOOP_ANALYSIS = YES;
				CLANG_WARN_STRICT_PROTOTYPES = YES;
				CLANG_WARN_SUSPICIOUS_MOVE = YES;
				CLANG_WARN_UNGUARDED_AVAILABILITY = YES_AGGRESSIVE;
				CLANG_WARN_UNREACHABLE_CODE = YES;
				CLANG_WARN__DUPLICATE_METHOD_MATCH = YES;
				COPY_PHASE_STRIP = NO;
				DEBUG_INFORMATION_FORMAT = dwarf;
				ENABLE_STRICT_OBJC_MSGSEND = YES;
				ENABLE_TESTABILITY = YES;
				GCC_C_LANGUAGE_STANDARD = gnu11;
				GCC_DYNAMIC_NO_PIC = NO;
				GCC_NO_COMMON_BLOCKS = YES;
				GCC_OPTIMIZATION_LEVEL = 0;
				GCC_PREPROCESSOR_DEFINITIONS = (
					"DEBUG=1",
					"$(inherited)",
				);
				GCC_WARN_64_TO_32_BIT_CONVERSION = YES;
				GCC_WARN_ABOUT_RETURN_TYPE = YES_ERROR;
				GCC_WARN_UNDECLARED_SELECTOR = YES;
				GCC_WARN_UNINITIALIZED_AUTOS = YES_AGGRESSIVE;
				GCC_WARN_UNUSED_FUNCTION = YES;
				GCC_WARN_UNUSED_VARIABLE = YES;
				IPHONEOS_DEPLOYMENT_TARGET = 13.5;
				MTL_ENABLE_DEBUG_INFO = INCLUDE_SOURCE;
				MTL_FAST_MATH = YES;
				ONLY_ACTIVE_ARCH = YES;
				SDKROOT = iphoneos;
				SWIFT_ACTIVE_COMPILATION_CONDITIONS = DEBUG;
				SWIFT_OPTIMIZATION_LEVEL = "-Onone";
			};
			name = Debug;
		};
		06BF49A0247E53B500584858 /* Release */ = {
			isa = XCBuildConfiguration;
			buildSettings = {
				ALWAYS_SEARCH_USER_PATHS = NO;
				CLANG_ANALYZER_NONNULL = YES;
				CLANG_ANALYZER_NUMBER_OBJECT_CONVERSION = YES_AGGRESSIVE;
				CLANG_CXX_LANGUAGE_STANDARD = "gnu++14";
				CLANG_CXX_LIBRARY = "libc++";
				CLANG_ENABLE_MODULES = YES;
				CLANG_ENABLE_OBJC_ARC = YES;
				CLANG_ENABLE_OBJC_WEAK = YES;
				CLANG_WARN_BLOCK_CAPTURE_AUTORELEASING = YES;
				CLANG_WARN_BOOL_CONVERSION = YES;
				CLANG_WARN_COMMA = YES;
				CLANG_WARN_CONSTANT_CONVERSION = YES;
				CLANG_WARN_DEPRECATED_OBJC_IMPLEMENTATIONS = YES;
				CLANG_WARN_DIRECT_OBJC_ISA_USAGE = YES_ERROR;
				CLANG_WARN_DOCUMENTATION_COMMENTS = YES;
				CLANG_WARN_EMPTY_BODY = YES;
				CLANG_WARN_ENUM_CONVERSION = YES;
				CLANG_WARN_INFINITE_RECURSION = YES;
				CLANG_WARN_INT_CONVERSION = YES;
				CLANG_WARN_NON_LITERAL_NULL_CONVERSION = YES;
				CLANG_WARN_OBJC_IMPLICIT_RETAIN_SELF = YES;
				CLANG_WARN_OBJC_LITERAL_CONVERSION = YES;
				CLANG_WARN_OBJC_ROOT_CLASS = YES_ERROR;
				CLANG_WARN_RANGE_LOOP_ANALYSIS = YES;
				CLANG_WARN_STRICT_PROTOTYPES = YES;
				CLANG_WARN_SUSPICIOUS_MOVE = YES;
				CLANG_WARN_UNGUARDED_AVAILABILITY = YES_AGGRESSIVE;
				CLANG_WARN_UNREACHABLE_CODE = YES;
				CLANG_WARN__DUPLICATE_METHOD_MATCH = YES;
				COPY_PHASE_STRIP = NO;
				DEBUG_INFORMATION_FORMAT = "dwarf-with-dsym";
				ENABLE_NS_ASSERTIONS = NO;
				ENABLE_STRICT_OBJC_MSGSEND = YES;
				GCC_C_LANGUAGE_STANDARD = gnu11;
				GCC_NO_COMMON_BLOCKS = YES;
				GCC_WARN_64_TO_32_BIT_CONVERSION = YES;
				GCC_WARN_ABOUT_RETURN_TYPE = YES_ERROR;
				GCC_WARN_UNDECLARED_SELECTOR = YES;
				GCC_WARN_UNINITIALIZED_AUTOS = YES_AGGRESSIVE;
				GCC_WARN_UNUSED_FUNCTION = YES;
				GCC_WARN_UNUSED_VARIABLE = YES;
				IPHONEOS_DEPLOYMENT_TARGET = 13.5;
				MTL_ENABLE_DEBUG_INFO = NO;
				MTL_FAST_MATH = YES;
				SDKROOT = iphoneos;
				SWIFT_COMPILATION_MODE = wholemodule;
				SWIFT_OPTIMIZATION_LEVEL = "-O";
				VALIDATE_PRODUCT = YES;
			};
			name = Release;
		};
		06BF49A2247E53B500584858 /* Debug */ = {
			isa = XCBuildConfiguration;
			buildSettings = {
				ASSETCATALOG_COMPILER_APPICON_NAME = AppIcon;
				CODE_SIGN_STYLE = Automatic;
				DEVELOPMENT_ASSET_PATHS = "\"DoremiPiano/Preview Content\"";
				DEVELOPMENT_TEAM = 4ND5RW66PP;
				ENABLE_PREVIEWS = YES;
				INFOPLIST_FILE = DoremiPiano/Info.plist;
				LD_RUNPATH_SEARCH_PATHS = (
					"$(inherited)",
					"@executable_path/Frameworks",
				);
				PRODUCT_BUNDLE_IDENTIFIER = kk.DoremiPiano;
				PRODUCT_NAME = "$(TARGET_NAME)";
				SWIFT_VERSION = 5.0;
				TARGETED_DEVICE_FAMILY = "1,2";
			};
			name = Debug;
		};
		06BF49A3247E53B500584858 /* Release */ = {
			isa = XCBuildConfiguration;
			buildSettings = {
				ASSETCATALOG_COMPILER_APPICON_NAME = AppIcon;
				CODE_SIGN_STYLE = Automatic;
				DEVELOPMENT_ASSET_PATHS = "\"DoremiPiano/Preview Content\"";
				DEVELOPMENT_TEAM = 4ND5RW66PP;
				ENABLE_PREVIEWS = YES;
				INFOPLIST_FILE = DoremiPiano/Info.plist;
				LD_RUNPATH_SEARCH_PATHS = (
					"$(inherited)",
					"@executable_path/Frameworks",
				);
				PRODUCT_BUNDLE_IDENTIFIER = kk.DoremiPiano;
				PRODUCT_NAME = "$(TARGET_NAME)";
				SWIFT_VERSION = 5.0;
				TARGETED_DEVICE_FAMILY = "1,2";
			};
			name = Release;
		};
		06BF49A5247E53B500584858 /* Debug */ = {
			isa = XCBuildConfiguration;
			buildSettings = {
				ALWAYS_EMBED_SWIFT_STANDARD_LIBRARIES = YES;
				BUNDLE_LOADER = "$(TEST_HOST)";
				CLANG_ENABLE_MODULES = YES;
				CODE_SIGN_STYLE = Automatic;
				DEVELOPMENT_TEAM = 4ND5RW66PP;
				INFOPLIST_FILE = DoremiPianoTests/Info.plist;
				IPHONEOS_DEPLOYMENT_TARGET = 13.5;
				LD_RUNPATH_SEARCH_PATHS = (
					"$(inherited)",
					"@executable_path/Frameworks",
					"@loader_path/Frameworks",
				);
				PRODUCT_BUNDLE_IDENTIFIER = kk.DoremiPianoTests;
				PRODUCT_NAME = "$(TARGET_NAME)";
				SWIFT_OPTIMIZATION_LEVEL = "-Onone";
				SWIFT_VERSION = 5.0;
				TARGETED_DEVICE_FAMILY = "1,2";
				TEST_HOST = "$(BUILT_PRODUCTS_DIR)/DoremiPiano.app/DoremiPiano";
			};
			name = Debug;
		};
		06BF49A6247E53B500584858 /* Release */ = {
			isa = XCBuildConfiguration;
			buildSettings = {
				ALWAYS_EMBED_SWIFT_STANDARD_LIBRARIES = YES;
				BUNDLE_LOADER = "$(TEST_HOST)";
				CLANG_ENABLE_MODULES = YES;
				CODE_SIGN_STYLE = Automatic;
				DEVELOPMENT_TEAM = 4ND5RW66PP;
				INFOPLIST_FILE = DoremiPianoTests/Info.plist;
				IPHONEOS_DEPLOYMENT_TARGET = 13.5;
				LD_RUNPATH_SEARCH_PATHS = (
					"$(inherited)",
					"@executable_path/Frameworks",
					"@loader_path/Frameworks",
				);
				PRODUCT_BUNDLE_IDENTIFIER = kk.DoremiPianoTests;
				PRODUCT_NAME = "$(TARGET_NAME)";
				SWIFT_VERSION = 5.0;
				TARGETED_DEVICE_FAMILY = "1,2";
				TEST_HOST = "$(BUILT_PRODUCTS_DIR)/DoremiPiano.app/DoremiPiano";
			};
			name = Release;
		};
		06BF49A8247E53B500584858 /* Debug */ = {
			isa = XCBuildConfiguration;
			buildSettings = {
				ALWAYS_EMBED_SWIFT_STANDARD_LIBRARIES = YES;
				CODE_SIGN_STYLE = Automatic;
				DEVELOPMENT_TEAM = 4ND5RW66PP;
				INFOPLIST_FILE = DoremiPianoUITests/Info.plist;
				LD_RUNPATH_SEARCH_PATHS = (
					"$(inherited)",
					"@executable_path/Frameworks",
					"@loader_path/Frameworks",
				);
				PRODUCT_BUNDLE_IDENTIFIER = kk.DoremiPianoUITests;
				PRODUCT_NAME = "$(TARGET_NAME)";
				SWIFT_VERSION = 5.0;
				TARGETED_DEVICE_FAMILY = "1,2";
				TEST_TARGET_NAME = DoremiPiano;
			};
			name = Debug;
		};
		06BF49A9247E53B500584858 /* Release */ = {
			isa = XCBuildConfiguration;
			buildSettings = {
				ALWAYS_EMBED_SWIFT_STANDARD_LIBRARIES = YES;
				CODE_SIGN_STYLE = Automatic;
				DEVELOPMENT_TEAM = 4ND5RW66PP;
				INFOPLIST_FILE = DoremiPianoUITests/Info.plist;
				LD_RUNPATH_SEARCH_PATHS = (
					"$(inherited)",
					"@executable_path/Frameworks",
					"@loader_path/Frameworks",
				);
				PRODUCT_BUNDLE_IDENTIFIER = kk.DoremiPianoUITests;
				PRODUCT_NAME = "$(TARGET_NAME)";
				SWIFT_VERSION = 5.0;
				TARGETED_DEVICE_FAMILY = "1,2";
				TEST_TARGET_NAME = DoremiPiano;
			};
			name = Release;
		};
/* End XCBuildConfiguration section */

/* Begin XCConfigurationList section */
		06BF4972247E53B300584858 /* Build configuration list for PBXProject "DoremiPiano" */ = {
			isa = XCConfigurationList;
			buildConfigurations = (
				06BF499F247E53B500584858 /* Debug */,
				06BF49A0247E53B500584858 /* Release */,
			);
			defaultConfigurationIsVisible = 0;
			defaultConfigurationName = Release;
		};
		06BF49A1247E53B500584858 /* Build configuration list for PBXNativeTarget "DoremiPiano" */ = {
			isa = XCConfigurationList;
			buildConfigurations = (
				06BF49A2247E53B500584858 /* Debug */,
				06BF49A3247E53B500584858 /* Release */,
			);
			defaultConfigurationIsVisible = 0;
			defaultConfigurationName = Release;
		};
		06BF49A4247E53B500584858 /* Build configuration list for PBXNativeTarget "DoremiPianoTests" */ = {
			isa = XCConfigurationList;
			buildConfigurations = (
				06BF49A5247E53B500584858 /* Debug */,
				06BF49A6247E53B500584858 /* Release */,
			);
			defaultConfigurationIsVisible = 0;
			defaultConfigurationName = Release;
		};
		06BF49A7247E53B500584858 /* Build configuration list for PBXNativeTarget "DoremiPianoUITests" */ = {
			isa = XCConfigurationList;
			buildConfigurations = (
				06BF49A8247E53B500584858 /* Debug */,
				06BF49A9247E53B500584858 /* Release */,
			);
			defaultConfigurationIsVisible = 0;
			defaultConfigurationName = Release;
		};
/* End XCConfigurationList section */
	};
	rootObject = 06BF496F247E53B300584858 /* Project object */;
}
